// !$*UTF8*$!
{
	archiveVersion = 1;
	classes = {
	};
	objectVersion = 50;
	objects = {

/* Begin PBXBuildFile section */
		7900395223E073F7006EA6B7 /* MissingDataErrorDialogue.swift in Sources */ = {isa = PBXBuildFile; fileRef = 7900395123E073F7006EA6B7 /* MissingDataErrorDialogue.swift */; };
		79013F6422A96CFE005CC358 /* LetterheadPrinting.swift in Sources */ = {isa = PBXBuildFile; fileRef = 79013F6322A96CFE005CC358 /* LetterheadPrinting.swift */; };
		79361199222EE44A0009D2AF /* PF Summary.png in Resources */ = {isa = PBXBuildFile; fileRef = 79361191222EE44A0009D2AF /* PF Summary.png */; };
		7936119A222EE44A0009D2AF /* BuilderInterfaceVC.swift in Sources */ = {isa = PBXBuildFile; fileRef = 79361192222EE44A0009D2AF /* BuilderInterfaceVC.swift */; };
		7936119B222EE44A0009D2AF /* zzBuilderInterfaceVC.swift in Sources */ = {isa = PBXBuildFile; fileRef = 79361193222EE44A0009D2AF /* zzBuilderInterfaceVC.swift */; };
		7936119D222EE44A0009D2AF /* ChartData.swift in Sources */ = {isa = PBXBuildFile; fileRef = 79361195222EE44A0009D2AF /* ChartData.swift */; };
		7936119E222EE44A0009D2AF /* BuilderConstants.swift in Sources */ = {isa = PBXBuildFile; fileRef = 79361196222EE44A0009D2AF /* BuilderConstants.swift */; };
		7936119F222EE44A0009D2AF /* AssessmentModel.swift in Sources */ = {isa = PBXBuildFile; fileRef = 79361197222EE44A0009D2AF /* AssessmentModel.swift */; };
		793611A0222EE44A0009D2AF /* Ellipsis.jpg in Resources */ = {isa = PBXBuildFile; fileRef = 79361198222EE44A0009D2AF /* Ellipsis.jpg */; };
		793611A2222EE9220009D2AF /* URLExtensions.swift in Sources */ = {isa = PBXBuildFile; fileRef = 793611A1222EE9220009D2AF /* URLExtensions.swift */; };
		7937735C22B16E0B001B04A7 /* FormLetterVerbiage.swift in Sources */ = {isa = PBXBuildFile; fileRef = 7937735B22B16E0B001B04A7 /* FormLetterVerbiage.swift */; };
		79425B5A2292EDD20097CC88 /* eScriptVC.swift in Sources */ = {isa = PBXBuildFile; fileRef = 79425B572292EDD20097CC88 /* eScriptVC.swift */; };
		79425B5B2292EDD20097CC88 /* eSFunctions.swift in Sources */ = {isa = PBXBuildFile; fileRef = 79425B582292EDD20097CC88 /* eSFunctions.swift */; };
		79425B5C2292EDD20097CC88 /* eSConstants.swift in Sources */ = {isa = PBXBuildFile; fileRef = 79425B592292EDD20097CC88 /* eSConstants.swift */; };
		794A31D324043593006CEE10 /* NHAdmitModel.swift in Sources */ = {isa = PBXBuildFile; fileRef = 794A31D224043593006CEE10 /* NHAdmitModel.swift */; };
		7953F00822DCE49000207E71 /* ReceiptVC.swift in Sources */ = {isa = PBXBuildFile; fileRef = 7953F00622DCE49000207E71 /* ReceiptVC.swift */; };
		7953F00A22DCE4AA00207E71 /* ReceiptModel.swift in Sources */ = {isa = PBXBuildFile; fileRef = 7953F00922DCE4AA00207E71 /* ReceiptModel.swift */; };
		796749092447658B00EFD47F /* NetworkExtension.framework in Frameworks */ = {isa = PBXBuildFile; fileRef = 796749082447658B00EFD47F /* NetworkExtension.framework */; };
		796F69552289CF0D007B615C /* WebMonitoringView.swift in Sources */ = {isa = PBXBuildFile; fileRef = 796F69542289CF0D007B615C /* WebMonitoringView.swift */; };
		797560B723C79133007D8B96 /* NHAdmitVC.swift in Sources */ = {isa = PBXBuildFile; fileRef = 797560B623C79133007D8B96 /* NHAdmitVC.swift */; };
		797B66D322AFF8B500688C65 /* PatientData.swift in Sources */ = {isa = PBXBuildFile; fileRef = 797B66D222AFF8B500688C65 /* PatientData.swift */; };
		797C7D7122282C3300845C1F /* Extensions.swift in Sources */ = {isa = PBXBuildFile; fileRef = 797C7D7022282C3300845C1F /* Extensions.swift */; };
		797C7D7322282E7700845C1F /* RegularExpressions.swift in Sources */ = {isa = PBXBuildFile; fileRef = 797C7D7222282E7700845C1F /* RegularExpressions.swift */; };
		7990E40323883690000D2648 /* LabsModel.swift in Sources */ = {isa = PBXBuildFile; fileRef = 7990E3FD23883690000D2648 /* LabsModel.swift */; };
		7990E40423883690000D2648 /* Labs.storyboard in Resources */ = {isa = PBXBuildFile; fileRef = 7990E3FF23883690000D2648 /* Labs.storyboard */; };
		7990E40523883690000D2648 /* LabSetUpPrintViewController.swift in Sources */ = {isa = PBXBuildFile; fileRef = 7990E40123883690000D2648 /* LabSetUpPrintViewController.swift */; };
		7990E40623883690000D2648 /* LabsViewController.swift in Sources */ = {isa = PBXBuildFile; fileRef = 7990E40223883690000D2648 /* LabsViewController.swift */; };
		79A92BED22AAC6E300C103DB /* BMDModel.swift in Sources */ = {isa = PBXBuildFile; fileRef = 79A92BEB22AAC6E300C103DB /* BMDModel.swift */; };
		79A92BEE22AAC6E300C103DB /* BMDViewController.swift in Sources */ = {isa = PBXBuildFile; fileRef = 79A92BEC22AAC6E300C103DB /* BMDViewController.swift */; };
		79A92BF022AAC80600C103DB /* FormLettersVC.swift in Sources */ = {isa = PBXBuildFile; fileRef = 79A92BEF22AAC80600C103DB /* FormLettersVC.swift */; };
		79A92BF222AAD4C800C103DB /* FormLettersModel.swift in Sources */ = {isa = PBXBuildFile; fileRef = 79A92BF122AAD4C800C103DB /* FormLettersModel.swift */; };
		79BD145F2399530D0090F7DA /* FormLetters.storyboard in Resources */ = {isa = PBXBuildFile; fileRef = 79BD145D2399530D0090F7DA /* FormLetters.storyboard */; };
		79C0DEA8225CEC18002894FC /* Phone Message Model.swift in Sources */ = {isa = PBXBuildFile; fileRef = 79C0DEA0225CEC18002894FC /* Phone Message Model.swift */; };
		79C0DEA9225CEC18002894FC /* PMCurrentMedsController.swift in Sources */ = {isa = PBXBuildFile; fileRef = 79C0DEA1225CEC18002894FC /* PMCurrentMedsController.swift */; };
		79C0DEAA225CEC18002894FC /* PM Constants.swift in Sources */ = {isa = PBXBuildFile; fileRef = 79C0DEA2225CEC18002894FC /* PM Constants.swift */; };
		79C0DEAB225CEC18002894FC /* PhoneMessageVC.swift in Sources */ = {isa = PBXBuildFile; fileRef = 79C0DEA3225CEC18002894FC /* PhoneMessageVC.swift */; };
		79C0DEAC225CEC18002894FC /* PMSymptomsController.swift in Sources */ = {isa = PBXBuildFile; fileRef = 79C0DEA4225CEC18002894FC /* PMSymptomsController.swift */; };
		79C0DEAD225CEC18002894FC /* PhoneMessage.storyboard in Resources */ = {isa = PBXBuildFile; fileRef = 79C0DEA6225CEC18002894FC /* PhoneMessage.storyboard */; };
		79D529C9228F06D9006A92A9 /* BrowserWindowController.swift in Sources */ = {isa = PBXBuildFile; fileRef = 79D529C8228F06D9006A92A9 /* BrowserWindowController.swift */; };
		79E30454243F7066002571CC /* eScriptModel.swift in Sources */ = {isa = PBXBuildFile; fileRef = 79E30453243F7066002571CC /* eScriptModel.swift */; };
		79E35BC124096F5B00705B4F /* InsuranceProblemVC.swift in Sources */ = {isa = PBXBuildFile; fileRef = 79E35BC024096F5B00705B4F /* InsuranceProblemVC.swift */; };
		79F1B2A122848541006F10A6 /* WebViewData.swift in Sources */ = {isa = PBXBuildFile; fileRef = 79F1B2A022848541006F10A6 /* WebViewData.swift */; };
		79F577212225864D001B0C81 /* AppDelegate.swift in Sources */ = {isa = PBXBuildFile; fileRef = 79F577202225864D001B0C81 /* AppDelegate.swift */; };
		79F577232225864D001B0C81 /* ViewController.swift in Sources */ = {isa = PBXBuildFile; fileRef = 79F577222225864D001B0C81 /* ViewController.swift */; };
		79F577252225864F001B0C81 /* Assets.xcassets in Resources */ = {isa = PBXBuildFile; fileRef = 79F577242225864F001B0C81 /* Assets.xcassets */; };
		79F577282225864F001B0C81 /* Main.storyboard in Resources */ = {isa = PBXBuildFile; fileRef = 79F577262225864F001B0C81 /* Main.storyboard */; };
		79F577342225864F001B0C81 /* BrowserTextTests.swift in Sources */ = {isa = PBXBuildFile; fileRef = 79F577332225864F001B0C81 /* BrowserTextTests.swift */; };
		79F5773F22258650001B0C81 /* BrowserTextUITests.swift in Sources */ = {isa = PBXBuildFile; fileRef = 79F5773E22258650001B0C81 /* BrowserTextUITests.swift */; };
		79F72D8A2399549D0090E8C3 /* CollectionLetterVC.swift in Sources */ = {isa = PBXBuildFile; fileRef = 79F72D892399549D0090E8C3 /* CollectionLetterVC.swift */; };
		79F72D8E23995AB50090E8C3 /* DismissalLettersVC.swift in Sources */ = {isa = PBXBuildFile; fileRef = 79F72D8D23995AB50090E8C3 /* DismissalLettersVC.swift */; };
		79F8DB8422A6C69B0018F21A /* LabViewController.swift in Sources */ = {isa = PBXBuildFile; fileRef = 79F8DB7E22A6C69A0018F21A /* LabViewController.swift */; };
		79F8DB8522A6C69B0018F21A /* GeneralBits.swift in Sources */ = {isa = PBXBuildFile; fileRef = 79F8DB7F22A6C69A0018F21A /* GeneralBits.swift */; };
		79F8DB8622A6C69B0018F21A /* LabDataClasses.swift in Sources */ = {isa = PBXBuildFile; fileRef = 79F8DB8022A6C69A0018F21A /* LabDataClasses.swift */; };
		79F8DB8722A6C69B0018F21A /* LabValues.swift in Sources */ = {isa = PBXBuildFile; fileRef = 79F8DB8122A6C69B0018F21A /* LabValues.swift */; };
		79F8DB8822A6C69B0018F21A /* LabValuePrefrencesController.swift in Sources */ = {isa = PBXBuildFile; fileRef = 79F8DB8222A6C69B0018F21A /* LabValuePrefrencesController.swift */; };
		79F8DB8922A6C69B0018F21A /* PopulateFormModel.swift in Sources */ = {isa = PBXBuildFile; fileRef = 79F8DB8322A6C69B0018F21A /* PopulateFormModel.swift */; };
		79F8DB8E22A6EB740018F21A /* WPCM Letterhead Blank Cropped.pdf in Resources */ = {isa = PBXBuildFile; fileRef = 79F8DB8D22A6EB740018F21A /* WPCM Letterhead Blank Cropped.pdf */; };
/* End PBXBuildFile section */

/* Begin PBXContainerItemProxy section */
		79F577302225864F001B0C81 /* PBXContainerItemProxy */ = {
			isa = PBXContainerItemProxy;
			containerPortal = 79F577152225864D001B0C81 /* Project object */;
			proxyType = 1;
			remoteGlobalIDString = 79F5771C2225864D001B0C81;
			remoteInfo = BrowserText;
		};
		79F5773B22258650001B0C81 /* PBXContainerItemProxy */ = {
			isa = PBXContainerItemProxy;
			containerPortal = 79F577152225864D001B0C81 /* Project object */;
			proxyType = 1;
			remoteGlobalIDString = 79F5771C2225864D001B0C81;
			remoteInfo = BrowserText;
		};
/* End PBXContainerItemProxy section */

/* Begin PBXFileReference section */
		7900395123E073F7006EA6B7 /* MissingDataErrorDialogue.swift */ = {isa = PBXFileReference; lastKnownFileType = sourcecode.swift; path = MissingDataErrorDialogue.swift; sourceTree = "<group>"; };
		79013F6322A96CFE005CC358 /* LetterheadPrinting.swift */ = {isa = PBXFileReference; lastKnownFileType = sourcecode.swift; name = LetterheadPrinting.swift; path = "BrowserText/Printing To Letterhead/LetterheadPrinting.swift"; sourceTree = SOURCE_ROOT; };
		79361191222EE44A0009D2AF /* PF Summary.png */ = {isa = PBXFileReference; lastKnownFileType = image.png; path = "PF Summary.png"; sourceTree = "<group>"; };
		79361192222EE44A0009D2AF /* BuilderInterfaceVC.swift */ = {isa = PBXFileReference; fileEncoding = 4; lastKnownFileType = sourcecode.swift; path = BuilderInterfaceVC.swift; sourceTree = "<group>"; };
		79361193222EE44A0009D2AF /* zzBuilderInterfaceVC.swift */ = {isa = PBXFileReference; fileEncoding = 4; lastKnownFileType = sourcecode.swift; path = zzBuilderInterfaceVC.swift; sourceTree = "<group>"; };
		79361195222EE44A0009D2AF /* ChartData.swift */ = {isa = PBXFileReference; fileEncoding = 4; lastKnownFileType = sourcecode.swift; path = ChartData.swift; sourceTree = "<group>"; };
		79361196222EE44A0009D2AF /* BuilderConstants.swift */ = {isa = PBXFileReference; fileEncoding = 4; lastKnownFileType = sourcecode.swift; path = BuilderConstants.swift; sourceTree = "<group>"; };
		79361197222EE44A0009D2AF /* AssessmentModel.swift */ = {isa = PBXFileReference; fileEncoding = 4; lastKnownFileType = sourcecode.swift; path = AssessmentModel.swift; sourceTree = "<group>"; };
		79361198222EE44A0009D2AF /* Ellipsis.jpg */ = {isa = PBXFileReference; lastKnownFileType = image.jpeg; path = Ellipsis.jpg; sourceTree = "<group>"; };
		793611A1222EE9220009D2AF /* URLExtensions.swift */ = {isa = PBXFileReference; fileEncoding = 4; lastKnownFileType = sourcecode.swift; path = URLExtensions.swift; sourceTree = "<group>"; };
		7937735B22B16E0B001B04A7 /* FormLetterVerbiage.swift */ = {isa = PBXFileReference; lastKnownFileType = sourcecode.swift; path = FormLetterVerbiage.swift; sourceTree = "<group>"; };
		79425B572292EDD20097CC88 /* eScriptVC.swift */ = {isa = PBXFileReference; fileEncoding = 4; lastKnownFileType = sourcecode.swift; path = eScriptVC.swift; sourceTree = "<group>"; };
		79425B582292EDD20097CC88 /* eSFunctions.swift */ = {isa = PBXFileReference; fileEncoding = 4; lastKnownFileType = sourcecode.swift; path = eSFunctions.swift; sourceTree = "<group>"; };
		79425B592292EDD20097CC88 /* eSConstants.swift */ = {isa = PBXFileReference; fileEncoding = 4; lastKnownFileType = sourcecode.swift; path = eSConstants.swift; sourceTree = "<group>"; };
		794A31D224043593006CEE10 /* NHAdmitModel.swift */ = {isa = PBXFileReference; lastKnownFileType = sourcecode.swift; path = NHAdmitModel.swift; sourceTree = "<group>"; };
		7953F00622DCE49000207E71 /* ReceiptVC.swift */ = {isa = PBXFileReference; lastKnownFileType = sourcecode.swift; path = ReceiptVC.swift; sourceTree = "<group>"; };
		7953F00922DCE4AA00207E71 /* ReceiptModel.swift */ = {isa = PBXFileReference; lastKnownFileType = sourcecode.swift; path = ReceiptModel.swift; sourceTree = "<group>"; };
		796749082447658B00EFD47F /* NetworkExtension.framework */ = {isa = PBXFileReference; lastKnownFileType = wrapper.framework; name = NetworkExtension.framework; path = System/Library/Frameworks/NetworkExtension.framework; sourceTree = SDKROOT; };
		796F69542289CF0D007B615C /* WebMonitoringView.swift */ = {isa = PBXFileReference; lastKnownFileType = sourcecode.swift; path = WebMonitoringView.swift; sourceTree = "<group>"; };
		797560B623C79133007D8B96 /* NHAdmitVC.swift */ = {isa = PBXFileReference; lastKnownFileType = sourcecode.swift; path = NHAdmitVC.swift; sourceTree = "<group>"; };
		797B66D222AFF8B500688C65 /* PatientData.swift */ = {isa = PBXFileReference; lastKnownFileType = sourcecode.swift; path = PatientData.swift; sourceTree = "<group>"; };
		797C7D7022282C3300845C1F /* Extensions.swift */ = {isa = PBXFileReference; lastKnownFileType = sourcecode.swift; path = Extensions.swift; sourceTree = "<group>"; };
		797C7D7222282E7700845C1F /* RegularExpressions.swift */ = {isa = PBXFileReference; lastKnownFileType = sourcecode.swift; path = RegularExpressions.swift; sourceTree = "<group>"; };
		7990E3FD23883690000D2648 /* LabsModel.swift */ = {isa = PBXFileReference; fileEncoding = 4; lastKnownFileType = sourcecode.swift; path = LabsModel.swift; sourceTree = "<group>"; };
		7990E40023883690000D2648 /* Base */ = {isa = PBXFileReference; lastKnownFileType = file.storyboard; name = Base; path = Base.lproj/Labs.storyboard; sourceTree = "<group>"; };
		7990E40123883690000D2648 /* LabSetUpPrintViewController.swift */ = {isa = PBXFileReference; fileEncoding = 4; lastKnownFileType = sourcecode.swift; path = LabSetUpPrintViewController.swift; sourceTree = "<group>"; };
		7990E40223883690000D2648 /* LabsViewController.swift */ = {isa = PBXFileReference; fileEncoding = 4; lastKnownFileType = sourcecode.swift; path = LabsViewController.swift; sourceTree = "<group>"; };
		79A92BEB22AAC6E300C103DB /* BMDModel.swift */ = {isa = PBXFileReference; fileEncoding = 4; lastKnownFileType = sourcecode.swift; path = BMDModel.swift; sourceTree = "<group>"; };
		79A92BEC22AAC6E300C103DB /* BMDViewController.swift */ = {isa = PBXFileReference; fileEncoding = 4; lastKnownFileType = sourcecode.swift; path = BMDViewController.swift; sourceTree = "<group>"; };
		79A92BEF22AAC80600C103DB /* FormLettersVC.swift */ = {isa = PBXFileReference; lastKnownFileType = sourcecode.swift; path = FormLettersVC.swift; sourceTree = "<group>"; };
		79A92BF122AAD4C800C103DB /* FormLettersModel.swift */ = {isa = PBXFileReference; lastKnownFileType = sourcecode.swift; path = FormLettersModel.swift; sourceTree = "<group>"; };
		79BD145E2399530D0090F7DA /* Base */ = {isa = PBXFileReference; lastKnownFileType = file.storyboard; name = Base; path = BrowserText/Base.lproj/FormLetters.storyboard; sourceTree = "<group>"; };
		79C0DEA0225CEC18002894FC /* Phone Message Model.swift */ = {isa = PBXFileReference; fileEncoding = 4; lastKnownFileType = sourcecode.swift; path = "Phone Message Model.swift"; sourceTree = "<group>"; };
		79C0DEA1225CEC18002894FC /* PMCurrentMedsController.swift */ = {isa = PBXFileReference; fileEncoding = 4; lastKnownFileType = sourcecode.swift; path = PMCurrentMedsController.swift; sourceTree = "<group>"; };
		79C0DEA2225CEC18002894FC /* PM Constants.swift */ = {isa = PBXFileReference; fileEncoding = 4; lastKnownFileType = sourcecode.swift; path = "PM Constants.swift"; sourceTree = "<group>"; };
		79C0DEA3225CEC18002894FC /* PhoneMessageVC.swift */ = {isa = PBXFileReference; fileEncoding = 4; lastKnownFileType = sourcecode.swift; path = PhoneMessageVC.swift; sourceTree = "<group>"; };
		79C0DEA4225CEC18002894FC /* PMSymptomsController.swift */ = {isa = PBXFileReference; fileEncoding = 4; lastKnownFileType = sourcecode.swift; path = PMSymptomsController.swift; sourceTree = "<group>"; };
		79C0DEA7225CEC18002894FC /* Base */ = {isa = PBXFileReference; lastKnownFileType = file.storyboard; name = Base; path = Base.lproj/PhoneMessage.storyboard; sourceTree = "<group>"; };
		79D529C8228F06D9006A92A9 /* BrowserWindowController.swift */ = {isa = PBXFileReference; lastKnownFileType = sourcecode.swift; path = BrowserWindowController.swift; sourceTree = "<group>"; };
		79E30453243F7066002571CC /* eScriptModel.swift */ = {isa = PBXFileReference; lastKnownFileType = sourcecode.swift; path = eScriptModel.swift; sourceTree = "<group>"; };
		79E35BC024096F5B00705B4F /* InsuranceProblemVC.swift */ = {isa = PBXFileReference; lastKnownFileType = sourcecode.swift; path = InsuranceProblemVC.swift; sourceTree = "<group>"; };
		79F1B2A022848541006F10A6 /* WebViewData.swift */ = {isa = PBXFileReference; lastKnownFileType = sourcecode.swift; path = WebViewData.swift; sourceTree = "<group>"; };
		79F5771D2225864D001B0C81 /* BrowserText.app */ = {isa = PBXFileReference; explicitFileType = wrapper.application; includeInIndex = 0; path = BrowserText.app; sourceTree = BUILT_PRODUCTS_DIR; };
		79F577202225864D001B0C81 /* AppDelegate.swift */ = {isa = PBXFileReference; lastKnownFileType = sourcecode.swift; path = AppDelegate.swift; sourceTree = "<group>"; };
		79F577222225864D001B0C81 /* ViewController.swift */ = {isa = PBXFileReference; lastKnownFileType = sourcecode.swift; path = ViewController.swift; sourceTree = "<group>"; };
		79F577242225864F001B0C81 /* Assets.xcassets */ = {isa = PBXFileReference; lastKnownFileType = folder.assetcatalog; path = Assets.xcassets; sourceTree = "<group>"; };
		79F577272225864F001B0C81 /* Base */ = {isa = PBXFileReference; lastKnownFileType = file.storyboard; name = Base; path = Base.lproj/Main.storyboard; sourceTree = "<group>"; };
		79F577292225864F001B0C81 /* Info.plist */ = {isa = PBXFileReference; lastKnownFileType = text.plist.xml; path = Info.plist; sourceTree = "<group>"; };
		79F5772A2225864F001B0C81 /* BrowserText.entitlements */ = {isa = PBXFileReference; lastKnownFileType = text.plist.entitlements; path = BrowserText.entitlements; sourceTree = "<group>"; };
		79F5772F2225864F001B0C81 /* BrowserTextTests.xctest */ = {isa = PBXFileReference; explicitFileType = wrapper.cfbundle; includeInIndex = 0; path = BrowserTextTests.xctest; sourceTree = BUILT_PRODUCTS_DIR; };
		79F577332225864F001B0C81 /* BrowserTextTests.swift */ = {isa = PBXFileReference; lastKnownFileType = sourcecode.swift; path = BrowserTextTests.swift; sourceTree = "<group>"; };
		79F577352225864F001B0C81 /* Info.plist */ = {isa = PBXFileReference; lastKnownFileType = text.plist.xml; path = Info.plist; sourceTree = "<group>"; };
		79F5773A22258650001B0C81 /* BrowserTextUITests.xctest */ = {isa = PBXFileReference; explicitFileType = wrapper.cfbundle; includeInIndex = 0; path = BrowserTextUITests.xctest; sourceTree = BUILT_PRODUCTS_DIR; };
		79F5773E22258650001B0C81 /* BrowserTextUITests.swift */ = {isa = PBXFileReference; lastKnownFileType = sourcecode.swift; path = BrowserTextUITests.swift; sourceTree = "<group>"; };
		79F5774022258650001B0C81 /* Info.plist */ = {isa = PBXFileReference; lastKnownFileType = text.plist.xml; path = Info.plist; sourceTree = "<group>"; };
		79F72D892399549D0090E8C3 /* CollectionLetterVC.swift */ = {isa = PBXFileReference; lastKnownFileType = sourcecode.swift; path = CollectionLetterVC.swift; sourceTree = "<group>"; };
		79F72D8D23995AB50090E8C3 /* DismissalLettersVC.swift */ = {isa = PBXFileReference; lastKnownFileType = sourcecode.swift; path = DismissalLettersVC.swift; sourceTree = "<group>"; };
		79F8DB7E22A6C69A0018F21A /* LabViewController.swift */ = {isa = PBXFileReference; fileEncoding = 4; lastKnownFileType = sourcecode.swift; path = LabViewController.swift; sourceTree = "<group>"; };
		79F8DB7F22A6C69A0018F21A /* GeneralBits.swift */ = {isa = PBXFileReference; fileEncoding = 4; lastKnownFileType = sourcecode.swift; path = GeneralBits.swift; sourceTree = "<group>"; };
		79F8DB8022A6C69A0018F21A /* LabDataClasses.swift */ = {isa = PBXFileReference; fileEncoding = 4; lastKnownFileType = sourcecode.swift; path = LabDataClasses.swift; sourceTree = "<group>"; };
		79F8DB8122A6C69B0018F21A /* LabValues.swift */ = {isa = PBXFileReference; fileEncoding = 4; lastKnownFileType = sourcecode.swift; path = LabValues.swift; sourceTree = "<group>"; };
		79F8DB8222A6C69B0018F21A /* LabValuePrefrencesController.swift */ = {isa = PBXFileReference; fileEncoding = 4; lastKnownFileType = sourcecode.swift; path = LabValuePrefrencesController.swift; sourceTree = "<group>"; };
		79F8DB8322A6C69B0018F21A /* PopulateFormModel.swift */ = {isa = PBXFileReference; fileEncoding = 4; lastKnownFileType = sourcecode.swift; path = PopulateFormModel.swift; sourceTree = "<group>"; };
		79F8DB8D22A6EB740018F21A /* WPCM Letterhead Blank Cropped.pdf */ = {isa = PBXFileReference; lastKnownFileType = image.pdf; path = "WPCM Letterhead Blank Cropped.pdf"; sourceTree = "<group>"; };
/* End PBXFileReference section */

/* Begin PBXFrameworksBuildPhase section */
		79F5771A2225864D001B0C81 /* Frameworks */ = {
			isa = PBXFrameworksBuildPhase;
			buildActionMask = 2147483647;
			files = (
				796749092447658B00EFD47F /* NetworkExtension.framework in Frameworks */,
			);
			runOnlyForDeploymentPostprocessing = 0;
		};
		79F5772C2225864F001B0C81 /* Frameworks */ = {
			isa = PBXFrameworksBuildPhase;
			buildActionMask = 2147483647;
			files = (
			);
			runOnlyForDeploymentPostprocessing = 0;
		};
		79F5773722258650001B0C81 /* Frameworks */ = {
			isa = PBXFrameworksBuildPhase;
			buildActionMask = 2147483647;
			files = (
			);
			runOnlyForDeploymentPostprocessing = 0;
		};
/* End PBXFrameworksBuildPhase section */

/* Begin PBXGroup section */
		79361190222EE44A0009D2AF /* PTVN Builder */ = {
			isa = PBXGroup;
			children = (
				79361191222EE44A0009D2AF /* PF Summary.png */,
				79361192222EE44A0009D2AF /* BuilderInterfaceVC.swift */,
				79361195222EE44A0009D2AF /* ChartData.swift */,
				79361196222EE44A0009D2AF /* BuilderConstants.swift */,
				79361197222EE44A0009D2AF /* AssessmentModel.swift */,
				79361198222EE44A0009D2AF /* Ellipsis.jpg */,
				79361193222EE44A0009D2AF /* zzBuilderInterfaceVC.swift */,
			);
			path = "PTVN Builder";
			sourceTree = "<group>";
		};
		79425B5D2292EDE70097CC88 /* eScript */ = {
			isa = PBXGroup;
			children = (
				79425B572292EDD20097CC88 /* eScriptVC.swift */,
				79425B592292EDD20097CC88 /* eSConstants.swift */,
				79425B582292EDD20097CC88 /* eSFunctions.swift */,
				79E30453243F7066002571CC /* eScriptModel.swift */,
			);
			path = eScript;
			sourceTree = "<group>";
		};
		7953F00B22DCE4B000207E71 /* Receipt */ = {
			isa = PBXGroup;
			children = (
				7953F00622DCE49000207E71 /* ReceiptVC.swift */,
				7953F00922DCE4AA00207E71 /* ReceiptModel.swift */,
			);
			path = Receipt;
			sourceTree = "<group>";
		};
		796749072447658B00EFD47F /* Frameworks */ = {
			isa = PBXGroup;
			children = (
				796749082447658B00EFD47F /* NetworkExtension.framework */,
			);
			name = Frameworks;
			sourceTree = "<group>";
		};
		7990E3FC23883690000D2648 /* Lab Orders */ = {
			isa = PBXGroup;
			children = (
				7990E3FF23883690000D2648 /* Labs.storyboard */,
				7990E40223883690000D2648 /* LabsViewController.swift */,
				7990E3FD23883690000D2648 /* LabsModel.swift */,
				7990E40123883690000D2648 /* LabSetUpPrintViewController.swift */,
			);
			path = "Lab Orders";
			sourceTree = "<group>";
		};
		79A92BE422AAB6F100C103DB /* Printing To Letterhead */ = {
			isa = PBXGroup;
			children = (
				79F8DB8D22A6EB740018F21A /* WPCM Letterhead Blank Cropped.pdf */,
				79013F6322A96CFE005CC358 /* LetterheadPrinting.swift */,
			);
			path = "Printing To Letterhead";
			sourceTree = "<group>";
		};
		79A92BEA22AAC6E300C103DB /* BMD */ = {
			isa = PBXGroup;
			children = (
				79A92BEC22AAC6E300C103DB /* BMDViewController.swift */,
				79A92BEB22AAC6E300C103DB /* BMDModel.swift */,
			);
			path = BMD;
			sourceTree = "<group>";
		};
		79A92BF322AAD4CF00C103DB /* Form Letters */ = {
			isa = PBXGroup;
			children = (
				79BD145D2399530D0090F7DA /* FormLetters.storyboard */,
				79A92BEF22AAC80600C103DB /* FormLettersVC.swift */,
				797B66D222AFF8B500688C65 /* PatientData.swift */,
				79A92BF122AAD4C800C103DB /* FormLettersModel.swift */,
				7937735B22B16E0B001B04A7 /* FormLetterVerbiage.swift */,
				79F72D892399549D0090E8C3 /* CollectionLetterVC.swift */,
				79F72D8D23995AB50090E8C3 /* DismissalLettersVC.swift */,
				797560B623C79133007D8B96 /* NHAdmitVC.swift */,
				794A31D224043593006CEE10 /* NHAdmitModel.swift */,
				79E35BC024096F5B00705B4F /* InsuranceProblemVC.swift */,
			);
			path = "Form Letters";
			sourceTree = "<group>";
		};
		79C0DE9F225CEC18002894FC /* Phone Messages */ = {
			isa = PBXGroup;
			children = (
				79C0DEA6225CEC18002894FC /* PhoneMessage.storyboard */,
				79C0DEA3225CEC18002894FC /* PhoneMessageVC.swift */,
				79C0DEA2225CEC18002894FC /* PM Constants.swift */,
				79C0DEA1225CEC18002894FC /* PMCurrentMedsController.swift */,
				79C0DEA0225CEC18002894FC /* Phone Message Model.swift */,
				79C0DEA4225CEC18002894FC /* PMSymptomsController.swift */,
			);
			path = "Phone Messages";
			sourceTree = "<group>";
		};
		79F577142225864D001B0C81 = {
			isa = PBXGroup;
			children = (
				79F5771F2225864D001B0C81 /* BrowserText */,
				79F577322225864F001B0C81 /* BrowserTextTests */,
				79F5773D22258650001B0C81 /* BrowserTextUITests */,
				79F5771E2225864D001B0C81 /* Products */,
				796749072447658B00EFD47F /* Frameworks */,
			);
			sourceTree = "<group>";
		};
		79F5771E2225864D001B0C81 /* Products */ = {
			isa = PBXGroup;
			children = (
				79F5771D2225864D001B0C81 /* BrowserText.app */,
				79F5772F2225864F001B0C81 /* BrowserTextTests.xctest */,
				79F5773A22258650001B0C81 /* BrowserTextUITests.xctest */,
			);
			name = Products;
			sourceTree = "<group>";
		};
		79F5771F2225864D001B0C81 /* BrowserText */ = {
			isa = PBXGroup;
			children = (
				79F577262225864F001B0C81 /* Main.storyboard */,
				79F577202225864D001B0C81 /* AppDelegate.swift */,
				79D529C8228F06D9006A92A9 /* BrowserWindowController.swift */,
				79F577222225864D001B0C81 /* ViewController.swift */,
				79361190222EE44A0009D2AF /* PTVN Builder */,
				79C0DE9F225CEC18002894FC /* Phone Messages */,
				79425B5D2292EDE70097CC88 /* eScript */,
				79F8DB8A22A6C6AB0018F21A /* Lab Letters */,
				79A92BF322AAD4CF00C103DB /* Form Letters */,
				79A92BEA22AAC6E300C103DB /* BMD */,
				79A92BE422AAB6F100C103DB /* Printing To Letterhead */,
				7953F00B22DCE4B000207E71 /* Receipt */,
				7990E3FC23883690000D2648 /* Lab Orders */,
				79F577292225864F001B0C81 /* Info.plist */,
				79F5772A2225864F001B0C81 /* BrowserText.entitlements */,
				793611A1222EE9220009D2AF /* URLExtensions.swift */,
				797C7D7022282C3300845C1F /* Extensions.swift */,
				797C7D7222282E7700845C1F /* RegularExpressions.swift */,
				79F1B2A022848541006F10A6 /* WebViewData.swift */,
				796F69542289CF0D007B615C /* WebMonitoringView.swift */,
				7900395123E073F7006EA6B7 /* MissingDataErrorDialogue.swift */,
				79F8DB7F22A6C69A0018F21A /* GeneralBits.swift */,
				79F577242225864F001B0C81 /* Assets.xcassets */,
			);
			path = BrowserText;
			sourceTree = "<group>";
		};
		79F577322225864F001B0C81 /* BrowserTextTests */ = {
			isa = PBXGroup;
			children = (
				79F577332225864F001B0C81 /* BrowserTextTests.swift */,
				79F577352225864F001B0C81 /* Info.plist */,
			);
			path = BrowserTextTests;
			sourceTree = "<group>";
		};
		79F5773D22258650001B0C81 /* BrowserTextUITests */ = {
			isa = PBXGroup;
			children = (
				79F5773E22258650001B0C81 /* BrowserTextUITests.swift */,
				79F5774022258650001B0C81 /* Info.plist */,
			);
			path = BrowserTextUITests;
			sourceTree = "<group>";
		};
		79F8DB8A22A6C6AB0018F21A /* Lab Letters */ = {
			isa = PBXGroup;
			children = (
				79F8DB7E22A6C69A0018F21A /* LabViewController.swift */,
				79F8DB8022A6C69A0018F21A /* LabDataClasses.swift */,
				79F8DB8122A6C69B0018F21A /* LabValues.swift */,
				79F8DB8322A6C69B0018F21A /* PopulateFormModel.swift */,
				79F8DB8222A6C69B0018F21A /* LabValuePrefrencesController.swift */,
			);
			path = "Lab Letters";
			sourceTree = "<group>";
		};
/* End PBXGroup section */

/* Begin PBXNativeTarget section */
		79F5771C2225864D001B0C81 /* BrowserText */ = {
			isa = PBXNativeTarget;
			buildConfigurationList = 79F5774322258650001B0C81 /* Build configuration list for PBXNativeTarget "BrowserText" */;
			buildPhases = (
				79F577192225864D001B0C81 /* Sources */,
				79F5771A2225864D001B0C81 /* Frameworks */,
				79F5771B2225864D001B0C81 /* Resources */,
			);
			buildRules = (
			);
			dependencies = (
			);
			name = BrowserText;
			productName = BrowserText;
			productReference = 79F5771D2225864D001B0C81 /* BrowserText.app */;
			productType = "com.apple.product-type.application";
		};
		79F5772E2225864F001B0C81 /* BrowserTextTests */ = {
			isa = PBXNativeTarget;
			buildConfigurationList = 79F5774622258650001B0C81 /* Build configuration list for PBXNativeTarget "BrowserTextTests" */;
			buildPhases = (
				79F5772B2225864F001B0C81 /* Sources */,
				79F5772C2225864F001B0C81 /* Frameworks */,
				79F5772D2225864F001B0C81 /* Resources */,
			);
			buildRules = (
			);
			dependencies = (
				79F577312225864F001B0C81 /* PBXTargetDependency */,
			);
			name = BrowserTextTests;
			productName = BrowserTextTests;
			productReference = 79F5772F2225864F001B0C81 /* BrowserTextTests.xctest */;
			productType = "com.apple.product-type.bundle.unit-test";
		};
		79F5773922258650001B0C81 /* BrowserTextUITests */ = {
			isa = PBXNativeTarget;
			buildConfigurationList = 79F5774922258650001B0C81 /* Build configuration list for PBXNativeTarget "BrowserTextUITests" */;
			buildPhases = (
				79F5773622258650001B0C81 /* Sources */,
				79F5773722258650001B0C81 /* Frameworks */,
				79F5773822258650001B0C81 /* Resources */,
			);
			buildRules = (
			);
			dependencies = (
				79F5773C22258650001B0C81 /* PBXTargetDependency */,
			);
			name = BrowserTextUITests;
			productName = BrowserTextUITests;
			productReference = 79F5773A22258650001B0C81 /* BrowserTextUITests.xctest */;
			productType = "com.apple.product-type.bundle.ui-testing";
		};
/* End PBXNativeTarget section */

/* Begin PBXProject section */
		79F577152225864D001B0C81 /* Project object */ = {
			isa = PBXProject;
			attributes = {
				LastSwiftUpdateCheck = 1020;
				LastUpgradeCheck = 1210;
				ORGANIZATIONNAME = Fool;
				TargetAttributes = {
					79F5771C2225864D001B0C81 = {
						CreatedOnToolsVersion = 10.2;
						SystemCapabilities = {
							com.apple.Sandbox = {
								enabled = 0;
							};
						};
					};
					79F5772E2225864F001B0C81 = {
						CreatedOnToolsVersion = 10.2;
						TestTargetID = 79F5771C2225864D001B0C81;
					};
					79F5773922258650001B0C81 = {
						CreatedOnToolsVersion = 10.2;
						TestTargetID = 79F5771C2225864D001B0C81;
					};
				};
			};
			buildConfigurationList = 79F577182225864D001B0C81 /* Build configuration list for PBXProject "BrowserText" */;
			compatibilityVersion = "Xcode 9.3";
			developmentRegion = en;
			hasScannedForEncodings = 0;
			knownRegions = (
				en,
				Base,
			);
			mainGroup = 79F577142225864D001B0C81;
			productRefGroup = 79F5771E2225864D001B0C81 /* Products */;
			projectDirPath = "";
			projectRoot = "";
			targets = (
				79F5771C2225864D001B0C81 /* BrowserText */,
				79F5772E2225864F001B0C81 /* BrowserTextTests */,
				79F5773922258650001B0C81 /* BrowserTextUITests */,
			);
		};
/* End PBXProject section */

/* Begin PBXResourcesBuildPhase section */
		79F5771B2225864D001B0C81 /* Resources */ = {
			isa = PBXResourcesBuildPhase;
			buildActionMask = 2147483647;
			files = (
				7990E40423883690000D2648 /* Labs.storyboard in Resources */,
				79F8DB8E22A6EB740018F21A /* WPCM Letterhead Blank Cropped.pdf in Resources */,
				79C0DEAD225CEC18002894FC /* PhoneMessage.storyboard in Resources */,
				79F577252225864F001B0C81 /* Assets.xcassets in Resources */,
				79BD145F2399530D0090F7DA /* FormLetters.storyboard in Resources */,
				79F577282225864F001B0C81 /* Main.storyboard in Resources */,
				79361199222EE44A0009D2AF /* PF Summary.png in Resources */,
				793611A0222EE44A0009D2AF /* Ellipsis.jpg in Resources */,
			);
			runOnlyForDeploymentPostprocessing = 0;
		};
		79F5772D2225864F001B0C81 /* Resources */ = {
			isa = PBXResourcesBuildPhase;
			buildActionMask = 2147483647;
			files = (
			);
			runOnlyForDeploymentPostprocessing = 0;
		};
		79F5773822258650001B0C81 /* Resources */ = {
			isa = PBXResourcesBuildPhase;
			buildActionMask = 2147483647;
			files = (
			);
			runOnlyForDeploymentPostprocessing = 0;
		};
/* End PBXResourcesBuildPhase section */

/* Begin PBXSourcesBuildPhase section */
		79F577192225864D001B0C81 /* Sources */ = {
			isa = PBXSourcesBuildPhase;
			buildActionMask = 2147483647;
			files = (
				79F8DB8422A6C69B0018F21A /* LabViewController.swift in Sources */,
				7990E40323883690000D2648 /* LabsModel.swift in Sources */,
				796F69552289CF0D007B615C /* WebMonitoringView.swift in Sources */,
				79A92BF022AAC80600C103DB /* FormLettersVC.swift in Sources */,
				797B66D322AFF8B500688C65 /* PatientData.swift in Sources */,
				79425B5C2292EDD20097CC88 /* eSConstants.swift in Sources */,
				7936119B222EE44A0009D2AF /* zzBuilderInterfaceVC.swift in Sources */,
				79A92BEE22AAC6E300C103DB /* BMDViewController.swift in Sources */,
				79C0DEA9225CEC18002894FC /* PMCurrentMedsController.swift in Sources */,
				79425B5A2292EDD20097CC88 /* eScriptVC.swift in Sources */,
				79F8DB8622A6C69B0018F21A /* LabDataClasses.swift in Sources */,
				794A31D324043593006CEE10 /* NHAdmitModel.swift in Sources */,
				79C0DEA8225CEC18002894FC /* Phone Message Model.swift in Sources */,
				7937735C22B16E0B001B04A7 /* FormLetterVerbiage.swift in Sources */,
				79F8DB8822A6C69B0018F21A /* LabValuePrefrencesController.swift in Sources */,
				797C7D7322282E7700845C1F /* RegularExpressions.swift in Sources */,
				7953F00A22DCE4AA00207E71 /* ReceiptModel.swift in Sources */,
				7953F00822DCE49000207E71 /* ReceiptVC.swift in Sources */,
				79F577232225864D001B0C81 /* ViewController.swift in Sources */,
				797560B723C79133007D8B96 /* NHAdmitVC.swift in Sources */,
				7990E40623883690000D2648 /* LabsViewController.swift in Sources */,
				7936119F222EE44A0009D2AF /* AssessmentModel.swift in Sources */,
				79013F6422A96CFE005CC358 /* LetterheadPrinting.swift in Sources */,
				7990E40523883690000D2648 /* LabSetUpPrintViewController.swift in Sources */,
				797C7D7122282C3300845C1F /* Extensions.swift in Sources */,
				79425B5B2292EDD20097CC88 /* eSFunctions.swift in Sources */,
				79C0DEAA225CEC18002894FC /* PM Constants.swift in Sources */,
				7936119D222EE44A0009D2AF /* ChartData.swift in Sources */,
				79E30454243F7066002571CC /* eScriptModel.swift in Sources */,
				79F8DB8522A6C69B0018F21A /* GeneralBits.swift in Sources */,
				79C0DEAC225CEC18002894FC /* PMSymptomsController.swift in Sources */,
				7936119E222EE44A0009D2AF /* BuilderConstants.swift in Sources */,
				79F72D8E23995AB50090E8C3 /* DismissalLettersVC.swift in Sources */,
				7900395223E073F7006EA6B7 /* MissingDataErrorDialogue.swift in Sources */,
				79F8DB8922A6C69B0018F21A /* PopulateFormModel.swift in Sources */,
				793611A2222EE9220009D2AF /* URLExtensions.swift in Sources */,
				79E35BC124096F5B00705B4F /* InsuranceProblemVC.swift in Sources */,
				7936119A222EE44A0009D2AF /* BuilderInterfaceVC.swift in Sources */,
				79F72D8A2399549D0090E8C3 /* CollectionLetterVC.swift in Sources */,
				79A92BF222AAD4C800C103DB /* FormLettersModel.swift in Sources */,
				79F577212225864D001B0C81 /* AppDelegate.swift in Sources */,
				79A92BED22AAC6E300C103DB /* BMDModel.swift in Sources */,
				79C0DEAB225CEC18002894FC /* PhoneMessageVC.swift in Sources */,
				79F8DB8722A6C69B0018F21A /* LabValues.swift in Sources */,
				79D529C9228F06D9006A92A9 /* BrowserWindowController.swift in Sources */,
				79F1B2A122848541006F10A6 /* WebViewData.swift in Sources */,
			);
			runOnlyForDeploymentPostprocessing = 0;
		};
		79F5772B2225864F001B0C81 /* Sources */ = {
			isa = PBXSourcesBuildPhase;
			buildActionMask = 2147483647;
			files = (
				79F577342225864F001B0C81 /* BrowserTextTests.swift in Sources */,
			);
			runOnlyForDeploymentPostprocessing = 0;
		};
		79F5773622258650001B0C81 /* Sources */ = {
			isa = PBXSourcesBuildPhase;
			buildActionMask = 2147483647;
			files = (
				79F5773F22258650001B0C81 /* BrowserTextUITests.swift in Sources */,
			);
			runOnlyForDeploymentPostprocessing = 0;
		};
/* End PBXSourcesBuildPhase section */

/* Begin PBXTargetDependency section */
		79F577312225864F001B0C81 /* PBXTargetDependency */ = {
			isa = PBXTargetDependency;
			target = 79F5771C2225864D001B0C81 /* BrowserText */;
			targetProxy = 79F577302225864F001B0C81 /* PBXContainerItemProxy */;
		};
		79F5773C22258650001B0C81 /* PBXTargetDependency */ = {
			isa = PBXTargetDependency;
			target = 79F5771C2225864D001B0C81 /* BrowserText */;
			targetProxy = 79F5773B22258650001B0C81 /* PBXContainerItemProxy */;
		};
/* End PBXTargetDependency section */

/* Begin PBXVariantGroup section */
		7990E3FF23883690000D2648 /* Labs.storyboard */ = {
			isa = PBXVariantGroup;
			children = (
				7990E40023883690000D2648 /* Base */,
			);
			name = Labs.storyboard;
			sourceTree = "<group>";
		};
		79BD145D2399530D0090F7DA /* FormLetters.storyboard */ = {
			isa = PBXVariantGroup;
			children = (
				79BD145E2399530D0090F7DA /* Base */,
			);
			name = FormLetters.storyboard;
			sourceTree = "<group>";
		};
		79C0DEA6225CEC18002894FC /* PhoneMessage.storyboard */ = {
			isa = PBXVariantGroup;
			children = (
				79C0DEA7225CEC18002894FC /* Base */,
			);
			name = PhoneMessage.storyboard;
			sourceTree = "<group>";
		};
		79F577262225864F001B0C81 /* Main.storyboard */ = {
			isa = PBXVariantGroup;
			children = (
				79F577272225864F001B0C81 /* Base */,
			);
			name = Main.storyboard;
			sourceTree = "<group>";
		};
/* End PBXVariantGroup section */

/* Begin XCBuildConfiguration section */
		79F5774122258650001B0C81 /* Debug */ = {
			isa = XCBuildConfiguration;
			buildSettings = {
				ALWAYS_SEARCH_USER_PATHS = NO;
				CLANG_ANALYZER_NONNULL = YES;
				CLANG_ANALYZER_NUMBER_OBJECT_CONVERSION = YES_AGGRESSIVE;
				CLANG_CXX_LANGUAGE_STANDARD = "gnu++14";
				CLANG_CXX_LIBRARY = "libc++";
				CLANG_ENABLE_MODULES = YES;
				CLANG_ENABLE_OBJC_ARC = YES;
				CLANG_ENABLE_OBJC_WEAK = YES;
				CLANG_WARN_BLOCK_CAPTURE_AUTORELEASING = YES;
				CLANG_WARN_BOOL_CONVERSION = YES;
				CLANG_WARN_COMMA = YES;
				CLANG_WARN_CONSTANT_CONVERSION = YES;
				CLANG_WARN_DEPRECATED_OBJC_IMPLEMENTATIONS = YES;
				CLANG_WARN_DIRECT_OBJC_ISA_USAGE = YES_ERROR;
				CLANG_WARN_DOCUMENTATION_COMMENTS = YES;
				CLANG_WARN_EMPTY_BODY = YES;
				CLANG_WARN_ENUM_CONVERSION = YES;
				CLANG_WARN_INFINITE_RECURSION = YES;
				CLANG_WARN_INT_CONVERSION = YES;
				CLANG_WARN_NON_LITERAL_NULL_CONVERSION = YES;
				CLANG_WARN_OBJC_IMPLICIT_RETAIN_SELF = YES;
				CLANG_WARN_OBJC_LITERAL_CONVERSION = YES;
				CLANG_WARN_OBJC_ROOT_CLASS = YES_ERROR;
				CLANG_WARN_QUOTED_INCLUDE_IN_FRAMEWORK_HEADER = YES;
				CLANG_WARN_RANGE_LOOP_ANALYSIS = YES;
				CLANG_WARN_STRICT_PROTOTYPES = YES;
				CLANG_WARN_SUSPICIOUS_MOVE = YES;
				CLANG_WARN_UNGUARDED_AVAILABILITY = YES_AGGRESSIVE;
				CLANG_WARN_UNREACHABLE_CODE = YES;
				CLANG_WARN__DUPLICATE_METHOD_MATCH = YES;
				CODE_SIGN_IDENTITY = "Mac Developer";
				COPY_PHASE_STRIP = NO;
				DEBUG_INFORMATION_FORMAT = dwarf;
				ENABLE_STRICT_OBJC_MSGSEND = YES;
				ENABLE_TESTABILITY = YES;
				GCC_C_LANGUAGE_STANDARD = gnu11;
				GCC_DYNAMIC_NO_PIC = NO;
				GCC_NO_COMMON_BLOCKS = YES;
				GCC_OPTIMIZATION_LEVEL = 0;
				GCC_PREPROCESSOR_DEFINITIONS = (
					"DEBUG=1",
					"$(inherited)",
				);
				GCC_WARN_64_TO_32_BIT_CONVERSION = YES;
				GCC_WARN_ABOUT_RETURN_TYPE = YES_ERROR;
				GCC_WARN_UNDECLARED_SELECTOR = YES;
				GCC_WARN_UNINITIALIZED_AUTOS = YES_AGGRESSIVE;
				GCC_WARN_UNUSED_FUNCTION = YES;
				GCC_WARN_UNUSED_VARIABLE = YES;
				MACOSX_DEPLOYMENT_TARGET = 10.11;
				MTL_ENABLE_DEBUG_INFO = INCLUDE_SOURCE;
				MTL_FAST_MATH = YES;
				ONLY_ACTIVE_ARCH = YES;
				SDKROOT = macosx;
				SWIFT_ACTIVE_COMPILATION_CONDITIONS = DEBUG;
				SWIFT_OPTIMIZATION_LEVEL = "-Onone";
			};
			name = Debug;
		};
		79F5774222258650001B0C81 /* Release */ = {
			isa = XCBuildConfiguration;
			buildSettings = {
				ALWAYS_SEARCH_USER_PATHS = NO;
				CLANG_ANALYZER_NONNULL = YES;
				CLANG_ANALYZER_NUMBER_OBJECT_CONVERSION = YES_AGGRESSIVE;
				CLANG_CXX_LANGUAGE_STANDARD = "gnu++14";
				CLANG_CXX_LIBRARY = "libc++";
				CLANG_ENABLE_MODULES = YES;
				CLANG_ENABLE_OBJC_ARC = YES;
				CLANG_ENABLE_OBJC_WEAK = YES;
				CLANG_WARN_BLOCK_CAPTURE_AUTORELEASING = YES;
				CLANG_WARN_BOOL_CONVERSION = YES;
				CLANG_WARN_COMMA = YES;
				CLANG_WARN_CONSTANT_CONVERSION = YES;
				CLANG_WARN_DEPRECATED_OBJC_IMPLEMENTATIONS = YES;
				CLANG_WARN_DIRECT_OBJC_ISA_USAGE = YES_ERROR;
				CLANG_WARN_DOCUMENTATION_COMMENTS = YES;
				CLANG_WARN_EMPTY_BODY = YES;
				CLANG_WARN_ENUM_CONVERSION = YES;
				CLANG_WARN_INFINITE_RECURSION = YES;
				CLANG_WARN_INT_CONVERSION = YES;
				CLANG_WARN_NON_LITERAL_NULL_CONVERSION = YES;
				CLANG_WARN_OBJC_IMPLICIT_RETAIN_SELF = YES;
				CLANG_WARN_OBJC_LITERAL_CONVERSION = YES;
				CLANG_WARN_OBJC_ROOT_CLASS = YES_ERROR;
				CLANG_WARN_QUOTED_INCLUDE_IN_FRAMEWORK_HEADER = YES;
				CLANG_WARN_RANGE_LOOP_ANALYSIS = YES;
				CLANG_WARN_STRICT_PROTOTYPES = YES;
				CLANG_WARN_SUSPICIOUS_MOVE = YES;
				CLANG_WARN_UNGUARDED_AVAILABILITY = YES_AGGRESSIVE;
				CLANG_WARN_UNREACHABLE_CODE = YES;
				CLANG_WARN__DUPLICATE_METHOD_MATCH = YES;
				CODE_SIGN_IDENTITY = "Mac Developer";
				COPY_PHASE_STRIP = NO;
				DEBUG_INFORMATION_FORMAT = "dwarf-with-dsym";
				ENABLE_NS_ASSERTIONS = NO;
				ENABLE_STRICT_OBJC_MSGSEND = YES;
				GCC_C_LANGUAGE_STANDARD = gnu11;
				GCC_NO_COMMON_BLOCKS = YES;
				GCC_WARN_64_TO_32_BIT_CONVERSION = YES;
				GCC_WARN_ABOUT_RETURN_TYPE = YES_ERROR;
				GCC_WARN_UNDECLARED_SELECTOR = YES;
				GCC_WARN_UNINITIALIZED_AUTOS = YES_AGGRESSIVE;
				GCC_WARN_UNUSED_FUNCTION = YES;
				GCC_WARN_UNUSED_VARIABLE = YES;
				MACOSX_DEPLOYMENT_TARGET = 10.11;
				MTL_ENABLE_DEBUG_INFO = NO;
				MTL_FAST_MATH = YES;
				SDKROOT = macosx;
				SWIFT_COMPILATION_MODE = wholemodule;
				SWIFT_OPTIMIZATION_LEVEL = "-O";
			};
			name = Release;
		};
		79F5774422258650001B0C81 /* Debug */ = {
			isa = XCBuildConfiguration;
			buildSettings = {
				ASSETCATALOG_COMPILER_APPICON_NAME = AppIcon;
				CODE_SIGN_ENTITLEMENTS = BrowserText/BrowserText.entitlements;
				CODE_SIGN_IDENTITY = "-";
				CODE_SIGN_STYLE = Automatic;
				COMBINE_HIDPI_IMAGES = YES;
				CURRENT_PROJECT_VERSION = 2;
				DEVELOPMENT_TEAM = VY6BVT84SC;
				INFOPLIST_FILE = BrowserText/Info.plist;
				LD_RUNPATH_SEARCH_PATHS = (
					"$(inherited)",
					"@executable_path/../Frameworks",
				);
				MACOSX_DEPLOYMENT_TARGET = 10.11;
				MARKETING_VERSION = 0.11;
				PRODUCT_BUNDLE_IDENTIFIER = com.fulgentwake.BrowserText;
				PRODUCT_NAME = "$(TARGET_NAME)";
				SWIFT_VERSION = 5.0;
			};
			name = Debug;
		};
		79F5774522258650001B0C81 /* Release */ = {
			isa = XCBuildConfiguration;
			buildSettings = {
				ASSETCATALOG_COMPILER_APPICON_NAME = AppIcon;
				CODE_SIGN_ENTITLEMENTS = BrowserText/BrowserText.entitlements;
				CODE_SIGN_IDENTITY = "-";
				CODE_SIGN_STYLE = Automatic;
				COMBINE_HIDPI_IMAGES = YES;
				CURRENT_PROJECT_VERSION = 2;
				DEVELOPMENT_TEAM = VY6BVT84SC;
				INFOPLIST_FILE = BrowserText/Info.plist;
				LD_RUNPATH_SEARCH_PATHS = (
					"$(inherited)",
					"@executable_path/../Frameworks",
				);
				MACOSX_DEPLOYMENT_TARGET = 10.11;
				MARKETING_VERSION = 0.11;
				PRODUCT_BUNDLE_IDENTIFIER = com.fulgentwake.BrowserText;
				PRODUCT_NAME = "$(TARGET_NAME)";
				SWIFT_VERSION = 5.0;
			};
			name = Release;
		};
		79F5774722258650001B0C81 /* Debug */ = {
			isa = XCBuildConfiguration;
			buildSettings = {
				ALWAYS_EMBED_SWIFT_STANDARD_LIBRARIES = YES;
				BUNDLE_LOADER = "$(TEST_HOST)";
				CODE_SIGN_STYLE = Automatic;
				COMBINE_HIDPI_IMAGES = YES;
				DEVELOPMENT_TEAM = VY6BVT84SC;
				INFOPLIST_FILE = BrowserTextTests/Info.plist;
				LD_RUNPATH_SEARCH_PATHS = (
					"$(inherited)",
					"@executable_path/../Frameworks",
					"@loader_path/../Frameworks",
				);
				PRODUCT_BUNDLE_IDENTIFIER = com.fulgentwake.BrowserTextTests;
				PRODUCT_NAME = "$(TARGET_NAME)";
				SWIFT_VERSION = 5.0;
				TEST_HOST = "$(BUILT_PRODUCTS_DIR)/BrowserText.app/Contents/MacOS/BrowserText";
			};
			name = Debug;
		};
		79F5774822258650001B0C81 /* Release */ = {
			isa = XCBuildConfiguration;
			buildSettings = {
				ALWAYS_EMBED_SWIFT_STANDARD_LIBRARIES = YES;
				BUNDLE_LOADER = "$(TEST_HOST)";
				CODE_SIGN_STYLE = Automatic;
				COMBINE_HIDPI_IMAGES = YES;
				DEVELOPMENT_TEAM = VY6BVT84SC;
				INFOPLIST_FILE = BrowserTextTests/Info.plist;
				LD_RUNPATH_SEARCH_PATHS = (
					"$(inherited)",
					"@executable_path/../Frameworks",
					"@loader_path/../Frameworks",
				);
				PRODUCT_BUNDLE_IDENTIFIER = com.fulgentwake.BrowserTextTests;
				PRODUCT_NAME = "$(TARGET_NAME)";
				SWIFT_VERSION = 5.0;
				TEST_HOST = "$(BUILT_PRODUCTS_DIR)/BrowserText.app/Contents/MacOS/BrowserText";
			};
			name = Release;
		};
		79F5774A22258650001B0C81 /* Debug */ = {
			isa = XCBuildConfiguration;
			buildSettings = {
				ALWAYS_EMBED_SWIFT_STANDARD_LIBRARIES = YES;
				CODE_SIGN_STYLE = Automatic;
				COMBINE_HIDPI_IMAGES = YES;
				DEVELOPMENT_TEAM = VY6BVT84SC;
				INFOPLIST_FILE = BrowserTextUITests/Info.plist;
				LD_RUNPATH_SEARCH_PATHS = (
					"$(inherited)",
					"@executable_path/../Frameworks",
					"@loader_path/../Frameworks",
				);
				PRODUCT_BUNDLE_IDENTIFIER = com.fulgentwake.BrowserTextUITests;
				PRODUCT_NAME = "$(TARGET_NAME)";
				SWIFT_VERSION = 5.0;
				TEST_TARGET_NAME = BrowserText;
			};
			name = Debug;
		};
		79F5774B22258650001B0C81 /* Release */ = {
			isa = XCBuildConfiguration;
			buildSettings = {
				ALWAYS_EMBED_SWIFT_STANDARD_LIBRARIES = YES;
				CODE_SIGN_STYLE = Automatic;
				COMBINE_HIDPI_IMAGES = YES;
				DEVELOPMENT_TEAM = VY6BVT84SC;
				INFOPLIST_FILE = BrowserTextUITests/Info.plist;
				LD_RUNPATH_SEARCH_PATHS = (
					"$(inherited)",
					"@executable_path/../Frameworks",
					"@loader_path/../Frameworks",
				);
				PRODUCT_BUNDLE_IDENTIFIER = com.fulgentwake.BrowserTextUITests;
				PRODUCT_NAME = "$(TARGET_NAME)";
				SWIFT_VERSION = 5.0;
				TEST_TARGET_NAME = BrowserText;
			};
			name = Release;
		};
/* End XCBuildConfiguration section */

/* Begin XCConfigurationList section */
		79F577182225864D001B0C81 /* Build configuration list for PBXProject "BrowserText" */ = {
			isa = XCConfigurationList;
			buildConfigurations = (
				79F5774122258650001B0C81 /* Debug */,
				79F5774222258650001B0C81 /* Release */,
			);
			defaultConfigurationIsVisible = 0;
			defaultConfigurationName = Release;
		};
		79F5774322258650001B0C81 /* Build configuration list for PBXNativeTarget "BrowserText" */ = {
			isa = XCConfigurationList;
			buildConfigurations = (
				79F5774422258650001B0C81 /* Debug */,
				79F5774522258650001B0C81 /* Release */,
			);
			defaultConfigurationIsVisible = 0;
			defaultConfigurationName = Release;
		};
		79F5774622258650001B0C81 /* Build configuration list for PBXNativeTarget "BrowserTextTests" */ = {
			isa = XCConfigurationList;
			buildConfigurations = (
				79F5774722258650001B0C81 /* Debug */,
				79F5774822258650001B0C81 /* Release */,
			);
			defaultConfigurationIsVisible = 0;
			defaultConfigurationName = Release;
		};
		79F5774922258650001B0C81 /* Build configuration list for PBXNativeTarget "BrowserTextUITests" */ = {
			isa = XCConfigurationList;
			buildConfigurations = (
				79F5774A22258650001B0C81 /* Debug */,
				79F5774B22258650001B0C81 /* Release */,
			);
			defaultConfigurationIsVisible = 0;
			defaultConfigurationName = Release;
		};
/* End XCConfigurationList section */
	};
	rootObject = 79F577152225864D001B0C81 /* Project object */;
}
